// !$*UTF8*$!
{
	archiveVersion = 1;
	classes = {
	};
	objectVersion = 55;
	objects = {

/* Begin PBXBuildFile section */
		E057A42A28FA67F000DDDE16 /* FlashCardModel.swift in Sources */ = {isa = PBXBuildFile; fileRef = E057A42928FA67F000DDDE16 /* FlashCardModel.swift */; };
		E057A43028FB3D5800DDDE16 /* FlashCardSquare.swift in Sources */ = {isa = PBXBuildFile; fileRef = E057A42F28FB3D5800DDDE16 /* FlashCardSquare.swift */; };
		E057A43228FCCB6C00DDDE16 /* FlashCardGrid.swift in Sources */ = {isa = PBXBuildFile; fileRef = E057A43128FCCB6C00DDDE16 /* FlashCardGrid.swift */; };
		E0B7450C28FA342800AC432F /* StudyBuddyAlgoApp.swift in Sources */ = {isa = PBXBuildFile; fileRef = E0B7450B28FA342800AC432F /* StudyBuddyAlgoApp.swift */; };
		E0B7450E28FA342800AC432F /* HomeView.swift in Sources */ = {isa = PBXBuildFile; fileRef = E0B7450D28FA342800AC432F /* HomeView.swift */; };
		E0B7451028FA342800AC432F /* Assets.xcassets in Resources */ = {isa = PBXBuildFile; fileRef = E0B7450F28FA342800AC432F /* Assets.xcassets */; };
		E0B7451328FA342800AC432F /* Preview Assets.xcassets in Resources */ = {isa = PBXBuildFile; fileRef = E0B7451228FA342800AC432F /* Preview Assets.xcassets */; };
		E0B7451E28FA3D2C00AC432F /* GoogleService-Info-2.plist in Resources */ = {isa = PBXBuildFile; fileRef = E0B7451D28FA3D2C00AC432F /* GoogleService-Info-2.plist */; };
		E0B7452128FA3EAF00AC432F /* FirebaseFirestore in Frameworks */ = {isa = PBXBuildFile; productRef = E0B7452028FA3EAF00AC432F /* FirebaseFirestore */; };
		E0B7452328FA3EAF00AC432F /* FirebaseFirestoreSwift in Frameworks */ = {isa = PBXBuildFile; productRef = E0B7452228FA3EAF00AC432F /* FirebaseFirestoreSwift */; };
		E0B7452728FA51AF00AC432F /* AlgoView.swift in Sources */ = {isa = PBXBuildFile; fileRef = E0B7452628FA51AF00AC432F /* AlgoView.swift */; };
		E0B7452928FA51D300AC432F /* DataStructuresView.swift in Sources */ = {isa = PBXBuildFile; fileRef = E0B7452828FA51D300AC432F /* DataStructuresView.swift */; };
		E0B7452B28FA520100AC432F /* TabBar.swift in Sources */ = {isa = PBXBuildFile; fileRef = E0B7452A28FA520100AC432F /* TabBar.swift */; };
		E0B7452D28FA548200AC432F /* AboutView.swift in Sources */ = {isa = PBXBuildFile; fileRef = E0B7452C28FA548200AC432F /* AboutView.swift */; };
/* End PBXBuildFile section */

/* Begin PBXFileReference section */
		E057A42928FA67F000DDDE16 /* FlashCardModel.swift */ = {isa = PBXFileReference; lastKnownFileType = sourcecode.swift; path = FlashCardModel.swift; sourceTree = "<group>"; };
		E057A42F28FB3D5800DDDE16 /* FlashCardSquare.swift */ = {isa = PBXFileReference; lastKnownFileType = sourcecode.swift; path = FlashCardSquare.swift; sourceTree = "<group>"; };
		E057A43128FCCB6C00DDDE16 /* FlashCardGrid.swift */ = {isa = PBXFileReference; lastKnownFileType = sourcecode.swift; path = FlashCardGrid.swift; sourceTree = "<group>"; };
		E0B7450828FA342800AC432F /* StudyBuddyAlgoApp.app */ = {isa = PBXFileReference; explicitFileType = wrapper.application; includeInIndex = 0; path = StudyBuddyAlgoApp.app; sourceTree = BUILT_PRODUCTS_DIR; };
		E0B7450B28FA342800AC432F /* StudyBuddyAlgoApp.swift */ = {isa = PBXFileReference; lastKnownFileType = sourcecode.swift; path = StudyBuddyAlgoApp.swift; sourceTree = "<group>"; };
		E0B7450D28FA342800AC432F /* HomeView.swift */ = {isa = PBXFileReference; lastKnownFileType = sourcecode.swift; path = HomeView.swift; sourceTree = "<group>"; };
		E0B7450F28FA342800AC432F /* Assets.xcassets */ = {isa = PBXFileReference; lastKnownFileType = folder.assetcatalog; path = Assets.xcassets; sourceTree = "<group>"; };
		E0B7451228FA342800AC432F /* Preview Assets.xcassets */ = {isa = PBXFileReference; lastKnownFileType = folder.assetcatalog; path = "Preview Assets.xcassets"; sourceTree = "<group>"; };
		E0B7451D28FA3D2C00AC432F /* GoogleService-Info-2.plist */ = {isa = PBXFileReference; fileEncoding = 4; lastKnownFileType = text.plist.xml; path = "GoogleService-Info-2.plist"; sourceTree = "<group>"; };
		E0B7452628FA51AF00AC432F /* AlgoView.swift */ = {isa = PBXFileReference; lastKnownFileType = sourcecode.swift; path = AlgoView.swift; sourceTree = "<group>"; };
		E0B7452828FA51D300AC432F /* DataStructuresView.swift */ = {isa = PBXFileReference; lastKnownFileType = sourcecode.swift; path = DataStructuresView.swift; sourceTree = "<group>"; };
		E0B7452A28FA520100AC432F /* TabBar.swift */ = {isa = PBXFileReference; lastKnownFileType = sourcecode.swift; path = TabBar.swift; sourceTree = "<group>"; };
		E0B7452C28FA548200AC432F /* AboutView.swift */ = {isa = PBXFileReference; lastKnownFileType = sourcecode.swift; path = AboutView.swift; sourceTree = "<group>"; };
/* End PBXFileReference section */

/* Begin PBXFrameworksBuildPhase section */
		E0B7450528FA342800AC432F /* Frameworks */ = {
			isa = PBXFrameworksBuildPhase;
			buildActionMask = 2147483647;
			files = (
				E0B7452128FA3EAF00AC432F /* FirebaseFirestore in Frameworks */,
				E0B7452328FA3EAF00AC432F /* FirebaseFirestoreSwift in Frameworks */,
			);
			runOnlyForDeploymentPostprocessing = 0;
		};
/* End PBXFrameworksBuildPhase section */

/* Begin PBXGroup section */
		E0B744FF28FA342800AC432F = {
			isa = PBXGroup;
			children = (
				E0B7450A28FA342800AC432F /* StudyBuddyAlgoApp */,
				E0B7450928FA342800AC432F /* Products */,
			);
			sourceTree = "<group>";
		};
		E0B7450928FA342800AC432F /* Products */ = {
			isa = PBXGroup;
			children = (
				E0B7450828FA342800AC432F /* StudyBuddyAlgoApp.app */,
			);
			name = Products;
			sourceTree = "<group>";
		};
		E0B7450A28FA342800AC432F /* StudyBuddyAlgoApp */ = {
			isa = PBXGroup;
			children = (
				E0B7451D28FA3D2C00AC432F /* GoogleService-Info-2.plist */,
				E0B7450B28FA342800AC432F /* StudyBuddyAlgoApp.swift */,
				E0B7451B28FA352D00AC432F /* Views */,
				E0B7451A28FA352A00AC432F /* ViewModels */,
				E0B7451928FA352400AC432F /* Models */,
				E0B7450F28FA342800AC432F /* Assets.xcassets */,
				E0B7451128FA342800AC432F /* Preview Content */,
			);
			path = StudyBuddyAlgoApp;
			sourceTree = "<group>";
		};
		E0B7451128FA342800AC432F /* Preview Content */ = {
			isa = PBXGroup;
			children = (
				E0B7451228FA342800AC432F /* Preview Assets.xcassets */,
			);
			path = "Preview Content";
			sourceTree = "<group>";
		};
		E0B7451928FA352400AC432F /* Models */ = {
			isa = PBXGroup;
			children = (
				E057A42928FA67F000DDDE16 /* FlashCardModel.swift */,
			);
			path = Models;
			sourceTree = "<group>";
		};
		E0B7451A28FA352A00AC432F /* ViewModels */ = {
			isa = PBXGroup;
			children = (
			);
			path = ViewModels;
			sourceTree = "<group>";
		};
		E0B7451B28FA352D00AC432F /* Views */ = {
			isa = PBXGroup;
			children = (
				E0B7450D28FA342800AC432F /* HomeView.swift */,
				E0B7452A28FA520100AC432F /* TabBar.swift */,
				E0B7452828FA51D300AC432F /* DataStructuresView.swift */,
				E0B7452628FA51AF00AC432F /* AlgoView.swift */,
				E0B7452C28FA548200AC432F /* AboutView.swift */,
				E0B7451C28FA359A00AC432F /* Components */,
			);
			path = Views;
			sourceTree = "<group>";
		};
		E0B7451C28FA359A00AC432F /* Components */ = {
			isa = PBXGroup;
			children = (
				E057A42F28FB3D5800DDDE16 /* FlashCardSquare.swift */,
				E057A43128FCCB6C00DDDE16 /* FlashCardGrid.swift */,
			);
			path = Components;
			sourceTree = "<group>";
		};
/* End PBXGroup section */

/* Begin PBXNativeTarget section */
		E0B7450728FA342800AC432F /* StudyBuddyAlgoApp */ = {
			isa = PBXNativeTarget;
			buildConfigurationList = E0B7451628FA342800AC432F /* Build configuration list for PBXNativeTarget "StudyBuddyAlgoApp" */;
			buildPhases = (
				E0B7450428FA342800AC432F /* Sources */,
				E0B7450528FA342800AC432F /* Frameworks */,
				E0B7450628FA342800AC432F /* Resources */,
			);
			buildRules = (
			);
			dependencies = (
			);
			name = StudyBuddyAlgoApp;
			packageProductDependencies = (
				E0B7452028FA3EAF00AC432F /* FirebaseFirestore */,
				E0B7452228FA3EAF00AC432F /* FirebaseFirestoreSwift */,
			);
			productName = StudyBuddyAlgoApp;
			productReference = E0B7450828FA342800AC432F /* StudyBuddyAlgoApp.app */;
			productType = "com.apple.product-type.application";
		};
/* End PBXNativeTarget section */

/* Begin PBXProject section */
		E0B7450028FA342800AC432F /* Project object */ = {
			isa = PBXProject;
			attributes = {
				BuildIndependentTargetsInParallel = 1;
				LastSwiftUpdateCheck = 1340;
				LastUpgradeCheck = 1340;
				TargetAttributes = {
					E0B7450728FA342800AC432F = {
						CreatedOnToolsVersion = 13.4.1;
					};
				};
			};
			buildConfigurationList = E0B7450328FA342800AC432F /* Build configuration list for PBXProject "StudyBuddyAlgoApp" */;
			compatibilityVersion = "Xcode 13.0";
			developmentRegion = en;
			hasScannedForEncodings = 0;
			knownRegions = (
				en,
				Base,
			);
			mainGroup = E0B744FF28FA342800AC432F;
			packageReferences = (
				E0B7451F28FA3EAF00AC432F /* XCRemoteSwiftPackageReference "firebase-ios-sdk" */,
			);
			productRefGroup = E0B7450928FA342800AC432F /* Products */;
			projectDirPath = "";
			projectRoot = "";
			targets = (
				E0B7450728FA342800AC432F /* StudyBuddyAlgoApp */,
			);
		};
/* End PBXProject section */

/* Begin PBXResourcesBuildPhase section */
		E0B7450628FA342800AC432F /* Resources */ = {
			isa = PBXResourcesBuildPhase;
			buildActionMask = 2147483647;
			files = (
				E0B7451328FA342800AC432F /* Preview Assets.xcassets in Resources */,
				E0B7451028FA342800AC432F /* Assets.xcassets in Resources */,
				E0B7451E28FA3D2C00AC432F /* GoogleService-Info-2.plist in Resources */,
			);
			runOnlyForDeploymentPostprocessing = 0;
		};
/* End PBXResourcesBuildPhase section */

/* Begin PBXSourcesBuildPhase section */
		E0B7450428FA342800AC432F /* Sources */ = {
			isa = PBXSourcesBuildPhase;
			buildActionMask = 2147483647;
			files = (
				E057A43228FCCB6C00DDDE16 /* FlashCardGrid.swift in Sources */,
				E0B7452928FA51D300AC432F /* DataStructuresView.swift in Sources */,
				E057A43028FB3D5800DDDE16 /* FlashCardSquare.swift in Sources */,
				E0B7450E28FA342800AC432F /* HomeView.swift in Sources */,
				E057A42A28FA67F000DDDE16 /* FlashCardModel.swift in Sources */,
				E0B7450C28FA342800AC432F /* StudyBuddyAlgoApp.swift in Sources */,
				E0B7452728FA51AF00AC432F /* AlgoView.swift in Sources */,
				E0B7452D28FA548200AC432F /* AboutView.swift in Sources */,
				E0B7452B28FA520100AC432F /* TabBar.swift in Sources */,
			);
			runOnlyForDeploymentPostprocessing = 0;
		};
/* End PBXSourcesBuildPhase section */

/* Begin XCBuildConfiguration section */
		E0B7451428FA342800AC432F /* Debug */ = {
			isa = XCBuildConfiguration;
			buildSettings = {
				ALWAYS_SEARCH_USER_PATHS = NO;
				CLANG_ANALYZER_NONNULL = YES;
				CLANG_ANALYZER_NUMBER_OBJECT_CONVERSION = YES_AGGRESSIVE;
				CLANG_CXX_LANGUAGE_STANDARD = "gnu++17";
				CLANG_ENABLE_MODULES = YES;
				CLANG_ENABLE_OBJC_ARC = YES;
				CLANG_ENABLE_OBJC_WEAK = YES;
				CLANG_WARN_BLOCK_CAPTURE_AUTORELEASING = YES;
				CLANG_WARN_BOOL_CONVERSION = YES;
				CLANG_WARN_COMMA = YES;
				CLANG_WARN_CONSTANT_CONVERSION = YES;
				CLANG_WARN_DEPRECATED_OBJC_IMPLEMENTATIONS = YES;
				CLANG_WARN_DIRECT_OBJC_ISA_USAGE = YES_ERROR;
				CLANG_WARN_DOCUMENTATION_COMMENTS = YES;
				CLANG_WARN_EMPTY_BODY = YES;
				CLANG_WARN_ENUM_CONVERSION = YES;
				CLANG_WARN_INFINITE_RECURSION = YES;
				CLANG_WARN_INT_CONVERSION = YES;
				CLANG_WARN_NON_LITERAL_NULL_CONVERSION = YES;
				CLANG_WARN_OBJC_IMPLICIT_RETAIN_SELF = YES;
				CLANG_WARN_OBJC_LITERAL_CONVERSION = YES;
				CLANG_WARN_OBJC_ROOT_CLASS = YES_ERROR;
				CLANG_WARN_QUOTED_INCLUDE_IN_FRAMEWORK_HEADER = YES;
				CLANG_WARN_RANGE_LOOP_ANALYSIS = YES;
				CLANG_WARN_STRICT_PROTOTYPES = YES;
				CLANG_WARN_SUSPICIOUS_MOVE = YES;
				CLANG_WARN_UNGUARDED_AVAILABILITY = YES_AGGRESSIVE;
				CLANG_WARN_UNREACHABLE_CODE = YES;
				CLANG_WARN__DUPLICATE_METHOD_MATCH = YES;
				COPY_PHASE_STRIP = NO;
				DEBUG_INFORMATION_FORMAT = dwarf;
				ENABLE_STRICT_OBJC_MSGSEND = YES;
				ENABLE_TESTABILITY = YES;
				GCC_C_LANGUAGE_STANDARD = gnu11;
				GCC_DYNAMIC_NO_PIC = NO;
				GCC_NO_COMMON_BLOCKS = YES;
				GCC_OPTIMIZATION_LEVEL = 0;
				GCC_PREPROCESSOR_DEFINITIONS = (
					"DEBUG=1",
					"$(inherited)",
				);
				GCC_WARN_64_TO_32_BIT_CONVERSION = YES;
				GCC_WARN_ABOUT_RETURN_TYPE = YES_ERROR;
				GCC_WARN_UNDECLARED_SELECTOR = YES;
				GCC_WARN_UNINITIALIZED_AUTOS = YES_AGGRESSIVE;
				GCC_WARN_UNUSED_FUNCTION = YES;
				GCC_WARN_UNUSED_VARIABLE = YES;
				IPHONEOS_DEPLOYMENT_TARGET = 15.5;
				MTL_ENABLE_DEBUG_INFO = INCLUDE_SOURCE;
				MTL_FAST_MATH = YES;
				ONLY_ACTIVE_ARCH = YES;
				SDKROOT = iphoneos;
				SWIFT_ACTIVE_COMPILATION_CONDITIONS = DEBUG;
				SWIFT_OPTIMIZATION_LEVEL = "-Onone";
			};
			name = Debug;
		};
		E0B7451528FA342800AC432F /* Release */ = {
			isa = XCBuildConfiguration;
			buildSettings = {
				ALWAYS_SEARCH_USER_PATHS = NO;
				CLANG_ANALYZER_NONNULL = YES;
				CLANG_ANALYZER_NUMBER_OBJECT_CONVERSION = YES_AGGRESSIVE;
				CLANG_CXX_LANGUAGE_STANDARD = "gnu++17";
				CLANG_ENABLE_MODULES = YES;
				CLANG_ENABLE_OBJC_ARC = YES;
				CLANG_ENABLE_OBJC_WEAK = YES;
				CLANG_WARN_BLOCK_CAPTURE_AUTORELEASING = YES;
				CLANG_WARN_BOOL_CONVERSION = YES;
				CLANG_WARN_COMMA = YES;
				CLANG_WARN_CONSTANT_CONVERSION = YES;
				CLANG_WARN_DEPRECATED_OBJC_IMPLEMENTATIONS = YES;
				CLANG_WARN_DIRECT_OBJC_ISA_USAGE = YES_ERROR;
				CLANG_WARN_DOCUMENTATION_COMMENTS = YES;
				CLANG_WARN_EMPTY_BODY = YES;
				CLANG_WARN_ENUM_CONVERSION = YES;
				CLANG_WARN_INFINITE_RECURSION = YES;
				CLANG_WARN_INT_CONVERSION = YES;
				CLANG_WARN_NON_LITERAL_NULL_CONVERSION = YES;
				CLANG_WARN_OBJC_IMPLICIT_RETAIN_SELF = YES;
				CLANG_WARN_OBJC_LITERAL_CONVERSION = YES;
				CLANG_WARN_OBJC_ROOT_CLASS = YES_ERROR;
				CLANG_WARN_QUOTED_INCLUDE_IN_FRAMEWORK_HEADER = YES;
				CLANG_WARN_RANGE_LOOP_ANALYSIS = YES;
				CLANG_WARN_STRICT_PROTOTYPES = YES;
				CLANG_WARN_SUSPICIOUS_MOVE = YES;
				CLANG_WARN_UNGUARDED_AVAILABILITY = YES_AGGRESSIVE;
				CLANG_WARN_UNREACHABLE_CODE = YES;
				CLANG_WARN__DUPLICATE_METHOD_MATCH = YES;
				COPY_PHASE_STRIP = NO;
				DEBUG_INFORMATION_FORMAT = "dwarf-with-dsym";
				ENABLE_NS_ASSERTIONS = NO;
				ENABLE_STRICT_OBJC_MSGSEND = YES;
				GCC_C_LANGUAGE_STANDARD = gnu11;
				GCC_NO_COMMON_BLOCKS = YES;
				GCC_WARN_64_TO_32_BIT_CONVERSION = YES;
				GCC_WARN_ABOUT_RETURN_TYPE = YES_ERROR;
				GCC_WARN_UNDECLARED_SELECTOR = YES;
				GCC_WARN_UNINITIALIZED_AUTOS = YES_AGGRESSIVE;
				GCC_WARN_UNUSED_FUNCTION = YES;
				GCC_WARN_UNUSED_VARIABLE = YES;
				IPHONEOS_DEPLOYMENT_TARGET = 15.5;
				MTL_ENABLE_DEBUG_INFO = NO;
				MTL_FAST_MATH = YES;
				SDKROOT = iphoneos;
				SWIFT_COMPILATION_MODE = wholemodule;
				SWIFT_OPTIMIZATION_LEVEL = "-O";
				VALIDATE_PRODUCT = YES;
			};
			name = Release;
		};
		E0B7451728FA342800AC432F /* Debug */ = {
			isa = XCBuildConfiguration;
			buildSettings = {
				ASSETCATALOG_COMPILER_APPICON_NAME = AppIcon;
				ASSETCATALOG_COMPILER_GLOBAL_ACCENT_COLOR_NAME = AccentColor;
				CODE_SIGN_STYLE = Automatic;
				CURRENT_PROJECT_VERSION = 1;
				DEVELOPMENT_ASSET_PATHS = "\"StudyBuddyAlgoApp/Preview Content\"";
				DEVELOPMENT_TEAM = V66U3WHC77;
				ENABLE_PREVIEWS = YES;
				GENERATE_INFOPLIST_FILE = YES;
				INFOPLIST_KEY_UIApplicationSceneManifest_Generation = YES;
				INFOPLIST_KEY_UIApplicationSupportsIndirectInputEvents = YES;
				INFOPLIST_KEY_UILaunchScreen_Generation = YES;
				INFOPLIST_KEY_UISupportedInterfaceOrientations_iPad = "UIInterfaceOrientationPortrait UIInterfaceOrientationPortraitUpsideDown UIInterfaceOrientationLandscapeLeft UIInterfaceOrientationLandscapeRight";
				INFOPLIST_KEY_UISupportedInterfaceOrientations_iPhone = "UIInterfaceOrientationPortrait UIInterfaceOrientationLandscapeLeft UIInterfaceOrientationLandscapeRight";
				LD_RUNPATH_SEARCH_PATHS = (
					"$(inherited)",
					"@executable_path/Frameworks",
				);
				MARKETING_VERSION = 1.0;
				PRODUCT_BUNDLE_IDENTIFIER = "newell.gennie.StudyBu-Users-gennienewell-Downloads-GoogleService-Info-2.plistddyAlgoApp";
				PRODUCT_NAME = "$(TARGET_NAME)";
				SWIFT_EMIT_LOC_STRINGS = YES;
				SWIFT_VERSION = 5.0;
				TARGETED_DEVICE_FAMILY = "1,2";
			};
			name = Debug;
		};
		E0B7451828FA342800AC432F /* Release */ = {
			isa = XCBuildConfiguration;
			buildSettings = {
				ASSETCATALOG_COMPILER_APPICON_NAME = AppIcon;
				ASSETCATALOG_COMPILER_GLOBAL_ACCENT_COLOR_NAME = AccentColor;
				CODE_SIGN_STYLE = Automatic;
				CURRENT_PROJECT_VERSION = 1;
				DEVELOPMENT_ASSET_PATHS = "\"StudyBuddyAlgoApp/Preview Content\"";
				DEVELOPMENT_TEAM = V66U3WHC77;
				ENABLE_PREVIEWS = YES;
				GENERATE_INFOPLIST_FILE = YES;
				INFOPLIST_KEY_UIApplicationSceneManifest_Generation = YES;
				INFOPLIST_KEY_UIApplicationSupportsIndirectInputEvents = YES;
				INFOPLIST_KEY_UILaunchScreen_Generation = YES;
				INFOPLIST_KEY_UISupportedInterfaceOrientations_iPad = "UIInterfaceOrientationPortrait UIInterfaceOrientationPortraitUpsideDown UIInterfaceOrientationLandscapeLeft UIInterfaceOrientationLandscapeRight";
				INFOPLIST_KEY_UISupportedInterfaceOrientations_iPhone = "UIInterfaceOrientationPortrait UIInterfaceOrientationLandscapeLeft UIInterfaceOrientationLandscapeRight";
				LD_RUNPATH_SEARCH_PATHS = (
					"$(inherited)",
					"@executable_path/Frameworks",
				);
				MARKETING_VERSION = 1.0;
				PRODUCT_BUNDLE_IDENTIFIER = "newell.gennie.StudyBu-Users-gennienewell-Downloads-GoogleService-Info-2.plistddyAlgoApp";
				PRODUCT_NAME = "$(TARGET_NAME)";
				SWIFT_EMIT_LOC_STRINGS = YES;
				SWIFT_VERSION = 5.0;
				TARGETED_DEVICE_FAMILY = "1,2";
			};
			name = Release;
		};
/* End XCBuildConfiguration section */

/* Begin XCConfigurationList section */
		E0B7450328FA342800AC432F /* Build configuration list for PBXProject "StudyBuddyAlgoApp" */ = {
			isa = XCConfigurationList;
			buildConfigurations = (
				E0B7451428FA342800AC432F /* Debug */,
				E0B7451528FA342800AC432F /* Release */,
			);
			defaultConfigurationIsVisible = 0;
			defaultConfigurationName = Release;
		};
		E0B7451628FA342800AC432F /* Build configuration list for PBXNativeTarget "StudyBuddyAlgoApp" */ = {
			isa = XCConfigurationList;
			buildConfigurations = (
				E0B7451728FA342800AC432F /* Debug */,
				E0B7451828FA342800AC432F /* Release */,
			);
			defaultConfigurationIsVisible = 0;
			defaultConfigurationName = Release;
		};
/* End XCConfigurationList section */

/* Begin XCRemoteSwiftPackageReference section */
		E0B7451F28FA3EAF00AC432F /* XCRemoteSwiftPackageReference "firebase-ios-sdk" */ = {
			isa = XCRemoteSwiftPackageReference;
			repositoryURL = "https://github.com/firebase/firebase-ios-sdk";
			requirement = {
				kind = upToNextMajorVersion;
				minimumVersion = 9.0.0;
			};
		};
/* End XCRemoteSwiftPackageReference section */

/* Begin XCSwiftPackageProductDependency section */
		E0B7452028FA3EAF00AC432F /* FirebaseFirestore */ = {
			isa = XCSwiftPackageProductDependency;
			package = E0B7451F28FA3EAF00AC432F /* XCRemoteSwiftPackageReference "firebase-ios-sdk" */;
			productName = FirebaseFirestore;
		};
		E0B7452228FA3EAF00AC432F /* FirebaseFirestoreSwift */ = {
			isa = XCSwiftPackageProductDependency;
			package = E0B7451F28FA3EAF00AC432F /* XCRemoteSwiftPackageReference "firebase-ios-sdk" */;
			productName = FirebaseFirestoreSwift;
		};
/* End XCSwiftPackageProductDependency section */
	};
	rootObject = E0B7450028FA342800AC432F /* Project object */;
}
